
Microsoft Visual Studio Solution File, Format Version 12.00
# Visual Studio Version 16
VisualStudioVersion = 16.0.29613.14
MinimumVisualStudioVersion = 10.0.40219.1
Project("{FAE04EC0-301F-11D3-BF4B-00C04F79EFBC}") = "BaseDeDonnéeClient", "BaseDeDonnéeClient\BaseDeDonnéeClient.csproj", "{92BC9130-FE8B-44E6-AE21-102C312DD15B}"
EndProject
Global
	GlobalSection(SolutionConfigurationPlatforms) = preSolution
		Debug|Any CPU = Debug|Any CPU
		Release|Any CPU = Release|Any CPU
	EndGlobalSection
	GlobalSection(ProjectConfigurationPlatforms) = postSolution
		{92BC9130-FE8B-44E6-AE21-102C312DD15B}.Debug|Any CPU.ActiveCfg = Debug|Any CPU
		{92BC9130-FE8B-44E6-AE21-102C312DD15B}.Debug|Any CPU.Build.0 = Debug|Any CPU
		{92BC9130-FE8B-44E6-AE21-102C312DD15B}.Release|Any CPU.ActiveCfg = Release|Any CPU
		{92BC9130-FE8B-44E6-AE21-102C312DD15B}.Release|Any CPU.Build.0 = Release|Any CPU
	EndGlobalSection
	GlobalSection(SolutionProperties) = preSolution
		HideSolutionNode = FALSE
	EndGlobalSection
	GlobalSection(ExtensibilityGlobals) = postSolution
		SolutionGuid = {3B4E6CF0-C13B-4418-9BC2-A3F20A88EC95}
	EndGlobalSection
EndGlobal
